
Microsoft Visual Studio Solution File, Format Version 12.00
# Visual Studio Version 16
VisualStudioVersion = 16.0.31729.503
MinimumVisualStudioVersion = 10.0.40219.1
Project("{FAE04EC0-301F-11D3-BF4B-00C04F79EFBC}") = "20. Valid Parentheses", "20. Valid Parentheses\20. Valid Parentheses.csproj", "{B003DA0B-9E02-4D6C-BF8B-769E63B8B2F2}"
EndProject
Global
	GlobalSection(SolutionConfigurationPlatforms) = preSolution
		Debug|Any CPU = Debug|Any CPU
		Release|Any CPU = Release|Any CPU
	EndGlobalSection
	GlobalSection(ProjectConfigurationPlatforms) = postSolution
		{B003DA0B-9E02-4D6C-BF8B-769E63B8B2F2}.Debug|Any CPU.ActiveCfg = Debug|Any CPU
		{B003DA0B-9E02-4D6C-BF8B-769E63B8B2F2}.Debug|Any CPU.Build.0 = Debug|Any CPU
		{B003DA0B-9E02-4D6C-BF8B-769E63B8B2F2}.Release|Any CPU.ActiveCfg = Release|Any CPU
		{B003DA0B-9E02-4D6C-BF8B-769E63B8B2F2}.Release|Any CPU.Build.0 = Release|Any CPU
	EndGlobalSection
	GlobalSection(SolutionProperties) = preSolution
		HideSolutionNode = FALSE
	EndGlobalSection
	GlobalSection(ExtensibilityGlobals) = postSolution
		SolutionGuid = {5BB9DEF6-8139-4BB3-AED4-4905B31E0D51}
	EndGlobalSection
EndGlobal
